{
  "name": "git-to-tempo",
  "version": "2.0.0",
  "lockfileVersion": 1,
  "requires": true,
  "dependencies": {
    "@types/ramda": {
      "version": "github:ikatyang/types-ramda#4e6f7df81ca0b0ec29a92a759304c00dccc0fd3a",
      "from": "github:ikatyang/types-ramda#v0.24.1-dist"
    },
    "@types/ramda-fallback": {
      "version": "https://registry.npmjs.org/@types/ramda/-/ramda-0.26.21.tgz",
      "integrity": "sha512-zMYtIZMceA6BvH+or6LmewLBgojbXg5+FGCwjO8K+Z+d/ZWxILmhhASXkehW0PqJL+V0QbyDeeAHix0dvEKXfQ==",
      "requires": {
        "ts-toolbelt": "^3.8.4"
      }
    },
    "debug": {
      "version": "3.2.6",
      "resolved": "https://registry.npmjs.org/debug/-/debug-3.2.6.tgz",
      "integrity": "sha512-mel+jf7nrtEl5Pn1Qx46zARXKDpBbvzezse7p7LqINmdoIk8PYP5SySaxEmYv6TZ0JyEKA1hsCId6DIhgITtWQ==",
      "requires": {
        "ms": "^2.1.1"
      }
    },
    "gitlog": {
      "version": "3.1.2",
      "resolved": "https://registry.npmjs.org/gitlog/-/gitlog-3.1.2.tgz",
      "integrity": "sha512-e1g4ZuCWhyzzEzPnM5AJtGP4PLgN3NG8bE7mhPB6jkhvHlVQb0Wnue9e3+sV7J2+0V5RMsirvISFdwO0SIa0tA==",
      "requires": {
        "debug": "^3.1.0",
        "lodash.assign": "^4.2.0"
      }
    },
    "lodash.assign": {
      "version": "4.2.0",
      "resolved": "https://registry.npmjs.org/lodash.assign/-/lodash.assign-4.2.0.tgz",
      "integrity": "sha1-DZnzzNem0mHRm9rrkkUAXShYCOc="
    },
    "moment": {
      "version": "2.29.1",
      "resolved": "https://registry.npmjs.org/moment/-/moment-2.29.1.tgz",
      "integrity": "sha512-kHmoybcPV8Sqy59DwNDY3Jefr64lK/by/da0ViFcuA4DH0vQg5Q6Ze5VimxkfQNSC+Mls/Kx53s7TjP1RhFEDQ=="
    },
    "ms": {
      "version": "2.1.2",
      "resolved": "https://registry.npmjs.org/ms/-/ms-2.1.2.tgz",
      "integrity": "sha512-sGkPx+VjMtmA6MX27oA4FBFELFCZZ4S4XqeGOXCv68tT+jb3vk/RyaKWP0PTKyWtmLSM0b+adUTEvbs1PEaH2w=="
    },
    "ramda": {
      "version": "0.26.1",
      "resolved": "https://registry.npmjs.org/ramda/-/ramda-0.26.1.tgz",
      "integrity": "sha512-hLWjpy7EnsDBb0p+Z3B7rPi3GDeRG5ZtiI33kJhTt+ORCd38AbAIjB/9zRIUoeTbE/AVX5ZkU7m6bznsvrf8eQ=="
    },
    "ts-toolbelt": {
      "version": "3.8.63",
      "resolved": "https://registry.npmjs.org/ts-toolbelt/-/ts-toolbelt-3.8.63.tgz",
      "integrity": "sha512-OlsFC8uF1mpN2O7DlvSkgnXzOvubO790eFhTvZBFI+WLge2BYzkQk73Q3yF0R8usxhkqbemLomqRhCGWasoIKw=="
    },
    "tslib": {
      "version": "2.1.0",
      "resolved": "https://registry.npmjs.org/tslib/-/tslib-2.1.0.tgz",
      "integrity": "sha512-hcVC3wYEziELGGmEEXue7D75zbwIIVUMWAVbHItGPx0ziyXxrOMQx4rQEVEV45Ut/1IotuEvwqPopzIOkDMf0A=="
    },
    "typescript": {
      "version": "3.4.3",
      "resolved": "https://registry.npmjs.org/typescript/-/typescript-3.4.3.tgz",
      "integrity": "sha512-FFgHdPt4T/duxx6Ndf7hwgMZZjZpB+U0nMNGVCYPq0rEzWKjEDobm4J6yb3CS7naZ0yURFqdw9Gwc7UOh/P9oQ=="
    }
  }
}
